
Microsoft Visual Studio Solution File, Format Version 12.00
# Visual Studio Version 16
VisualStudioVersion = 16.0.28803.352
MinimumVisualStudioVersion = 10.0.40219.1
Project("{FAE04EC0-301F-11D3-BF4B-00C04F79EFBC}") = "Quirk", "Quirk\Quirk.csproj", "{737E03EA-BDD5-4D3E-8CB9-4FEFD161F790}"
EndProject
Project("{2150E333-8FDC-42A3-9474-1A3956D46DE8}") = "Docs", "Docs", "{8ECB1781-6D55-4B0A-9738-6BE5D06C2317}"
	ProjectSection(SolutionItems) = preProject
		Docs\Parser.vsd = Docs\Parser.vsd
	EndProjectSection
EndProject
Project("{9A19103F-16F7-4668-BE54-9A1E7A4F7556}") = "Tests", "Tests\Tests.csproj", "{29C6D66B-0E50-4901-B752-42F5EA46D924}"
EndProject
Global
	GlobalSection(SolutionConfigurationPlatforms) = preSolution
		Debug|Any CPU = Debug|Any CPU
		Release|Any CPU = Release|Any CPU
	EndGlobalSection
	GlobalSection(ProjectConfigurationPlatforms) = postSolution
		{737E03EA-BDD5-4D3E-8CB9-4FEFD161F790}.Debug|Any CPU.ActiveCfg = Debug|Any CPU
		{737E03EA-BDD5-4D3E-8CB9-4FEFD161F790}.Debug|Any CPU.Build.0 = Debug|Any CPU
		{737E03EA-BDD5-4D3E-8CB9-4FEFD161F790}.Release|Any CPU.ActiveCfg = Release|Any CPU
		{737E03EA-BDD5-4D3E-8CB9-4FEFD161F790}.Release|Any CPU.Build.0 = Release|Any CPU
		{29C6D66B-0E50-4901-B752-42F5EA46D924}.Debug|Any CPU.ActiveCfg = Debug|Any CPU
		{29C6D66B-0E50-4901-B752-42F5EA46D924}.Debug|Any CPU.Build.0 = Debug|Any CPU
		{29C6D66B-0E50-4901-B752-42F5EA46D924}.Release|Any CPU.ActiveCfg = Release|Any CPU
		{29C6D66B-0E50-4901-B752-42F5EA46D924}.Release|Any CPU.Build.0 = Release|Any CPU
	EndGlobalSection
	GlobalSection(SolutionProperties) = preSolution
		HideSolutionNode = FALSE
	EndGlobalSection
	GlobalSection(ExtensibilityGlobals) = postSolution
		SolutionGuid = {732F1E88-B8BB-4A3B-AD26-FA6C0C4DE4C4}
	EndGlobalSection
EndGlobal
